
Microsoft Visual Studio Solution File, Format Version 12.00
# Visual Studio Version 17
VisualStudioVersion = 17.3.32922.545
MinimumVisualStudioVersion = 10.0.40219.1
Project("{FAE04EC0-301F-11D3-BF4B-00C04F79EFBC}") = "ETickets", "ETickets\ETickets.csproj", "{D1087A57-D2B4-41E3-B954-54BCA2E2760B}"
EndProject
Global
	GlobalSection(SolutionConfigurationPlatforms) = preSolution
		Debug|Any CPU = Debug|Any CPU
		Release|Any CPU = Release|Any CPU
	EndGlobalSection
	GlobalSection(ProjectConfigurationPlatforms) = postSolution
		{D1087A57-D2B4-41E3-B954-54BCA2E2760B}.Debug|Any CPU.ActiveCfg = Debug|Any CPU
		{D1087A57-D2B4-41E3-B954-54BCA2E2760B}.Debug|Any CPU.Build.0 = Debug|Any CPU
		{D1087A57-D2B4-41E3-B954-54BCA2E2760B}.Release|Any CPU.ActiveCfg = Release|Any CPU
		{D1087A57-D2B4-41E3-B954-54BCA2E2760B}.Release|Any CPU.Build.0 = Release|Any CPU
	EndGlobalSection
	GlobalSection(SolutionProperties) = preSolution
		HideSolutionNode = FALSE
	EndGlobalSection
	GlobalSection(ExtensibilityGlobals) = postSolution
		SolutionGuid = {9A40B48B-EFC8-42EC-AAE8-881D455336E4}
	EndGlobalSection
EndGlobal
